
Microsoft Visual Studio Solution File, Format Version 12.00
# Visual Studio Version 17
VisualStudioVersion = 17.8.34309.116
MinimumVisualStudioVersion = 10.0.40219.1
Project("{9A19103F-16F7-4668-BE54-9A1E7A4F7556}") = "OLT.Email.SendGrid", "src\OLT.Email.SendGrid\OLT.Email.SendGrid.csproj", "{4253995B-2ED9-4723-AE76-3D9B1DD57852}"
EndProject
Project("{9A19103F-16F7-4668-BE54-9A1E7A4F7556}") = "OLT.Email.SendGrid.Shared", "src\OLT.Email.SendGrid.Shared\OLT.Email.SendGrid.Shared.csproj", "{98D1636A-58C3-4EA5-9153-21A8699910C8}"
EndProject
Project("{9A19103F-16F7-4668-BE54-9A1E7A4F7556}") = "OLT.Email", "src\OLT.Email\OLT.Email.csproj", "{98759DA5-5EC5-4090-B8CE-BCE55737FE8F}"
EndProject
Project("{9A19103F-16F7-4668-BE54-9A1E7A4F7556}") = "OLT.Email.Tests", "tests\OLT.Email.Tests\OLT.Email.Tests.csproj", "{29167C19-0F07-4F29-8B52-2EBA4E949F47}"
EndProject
Project("{9A19103F-16F7-4668-BE54-9A1E7A4F7556}") = "OLT.Email.SendGrid.Tests", "tests\OLT.Email.SendGrid.Tests\OLT.Email.SendGrid.Tests.csproj", "{B8145046-368F-43BB-A39A-07457D0D38A0}"
EndProject
Global
	GlobalSection(SolutionConfigurationPlatforms) = preSolution
		Debug|Any CPU = Debug|Any CPU
		Release|Any CPU = Release|Any CPU
	EndGlobalSection
	GlobalSection(ProjectConfigurationPlatforms) = postSolution
		{4253995B-2ED9-4723-AE76-3D9B1DD57852}.Debug|Any CPU.ActiveCfg = Debug|Any CPU
		{4253995B-2ED9-4723-AE76-3D9B1DD57852}.Debug|Any CPU.Build.0 = Debug|Any CPU
		{4253995B-2ED9-4723-AE76-3D9B1DD57852}.Release|Any CPU.ActiveCfg = Release|Any CPU
		{4253995B-2ED9-4723-AE76-3D9B1DD57852}.Release|Any CPU.Build.0 = Release|Any CPU
		{98D1636A-58C3-4EA5-9153-21A8699910C8}.Debug|Any CPU.ActiveCfg = Debug|Any CPU
		{98D1636A-58C3-4EA5-9153-21A8699910C8}.Debug|Any CPU.Build.0 = Debug|Any CPU
		{98D1636A-58C3-4EA5-9153-21A8699910C8}.Release|Any CPU.ActiveCfg = Release|Any CPU
		{98D1636A-58C3-4EA5-9153-21A8699910C8}.Release|Any CPU.Build.0 = Release|Any CPU
		{98759DA5-5EC5-4090-B8CE-BCE55737FE8F}.Debug|Any CPU.ActiveCfg = Debug|Any CPU
		{98759DA5-5EC5-4090-B8CE-BCE55737FE8F}.Debug|Any CPU.Build.0 = Debug|Any CPU
		{98759DA5-5EC5-4090-B8CE-BCE55737FE8F}.Release|Any CPU.ActiveCfg = Release|Any CPU
		{98759DA5-5EC5-4090-B8CE-BCE55737FE8F}.Release|Any CPU.Build.0 = Release|Any CPU
		{29167C19-0F07-4F29-8B52-2EBA4E949F47}.Debug|Any CPU.ActiveCfg = Debug|Any CPU
		{29167C19-0F07-4F29-8B52-2EBA4E949F47}.Debug|Any CPU.Build.0 = Debug|Any CPU
		{29167C19-0F07-4F29-8B52-2EBA4E949F47}.Release|Any CPU.ActiveCfg = Release|Any CPU
		{29167C19-0F07-4F29-8B52-2EBA4E949F47}.Release|Any CPU.Build.0 = Release|Any CPU
		{B8145046-368F-43BB-A39A-07457D0D38A0}.Debug|Any CPU.ActiveCfg = Debug|Any CPU
		{B8145046-368F-43BB-A39A-07457D0D38A0}.Debug|Any CPU.Build.0 = Debug|Any CPU
		{B8145046-368F-43BB-A39A-07457D0D38A0}.Release|Any CPU.ActiveCfg = Release|Any CPU
		{B8145046-368F-43BB-A39A-07457D0D38A0}.Release|Any CPU.Build.0 = Release|Any CPU
	EndGlobalSection
	GlobalSection(SolutionProperties) = preSolution
		HideSolutionNode = FALSE
	EndGlobalSection
	GlobalSection(ExtensibilityGlobals) = postSolution
		SolutionGuid = {33911E60-4C60-41FA-8BBA-B99EC911E3E5}
	EndGlobalSection
EndGlobal
